
Microsoft Visual Studio Solution File, Format Version 12.00
# Visual Studio 15
Project("{FAE04EC0-301F-11D3-BF4B-00C04F79EFBC}") = "Assembly-CSharp", "Assembly-CSharp.csproj", "{5A8FA280-B39A-E4E5-0449-E73361922E9F}"
EndProject
Project("{FAE04EC0-301F-11D3-BF4B-00C04F79EFBC}") = "Assembly-CSharp-Editor", "Assembly-CSharp-Editor.csproj", "{496DE0AD-EB88-67DD-986C-331A83B83AC1}"
EndProject
Global
	GlobalSection(SolutionConfigurationPlatforms) = preSolution
		Debug|Any CPU = Debug|Any CPU
		Release|Any CPU = Release|Any CPU
	EndGlobalSection
	GlobalSection(ProjectConfigurationPlatforms) = postSolution
		{5A8FA280-B39A-E4E5-0449-E73361922E9F}.Debug|Any CPU.ActiveCfg = Debug|Any CPU
		{5A8FA280-B39A-E4E5-0449-E73361922E9F}.Debug|Any CPU.Build.0 = Debug|Any CPU
		{5A8FA280-B39A-E4E5-0449-E73361922E9F}.Release|Any CPU.ActiveCfg = Release|Any CPU
		{5A8FA280-B39A-E4E5-0449-E73361922E9F}.Release|Any CPU.Build.0 = Release|Any CPU
		{496DE0AD-EB88-67DD-986C-331A83B83AC1}.Debug|Any CPU.ActiveCfg = Debug|Any CPU
		{496DE0AD-EB88-67DD-986C-331A83B83AC1}.Debug|Any CPU.Build.0 = Debug|Any CPU
		{496DE0AD-EB88-67DD-986C-331A83B83AC1}.Release|Any CPU.ActiveCfg = Release|Any CPU
		{496DE0AD-EB88-67DD-986C-331A83B83AC1}.Release|Any CPU.Build.0 = Release|Any CPU
	EndGlobalSection
	GlobalSection(SolutionProperties) = preSolution
		HideSolutionNode = FALSE
	EndGlobalSection
EndGlobal
